{
  "name": "xt_responsive",
  "version": "6.1.2",
  "lockfileVersion": 1,
  "requires": true,
  "dependencies": {
    "@sweetalert2/theme-bootstrap-4": {
      "version": "4.0.1",
      "resolved": "https://registry.npmjs.org/@sweetalert2/theme-bootstrap-4/-/theme-bootstrap-4-4.0.1.tgz",
      "integrity": "sha512-5yGhEMkn5Rfo2sOiQVui62S5i/TaAnS6PvV3OnDdVFvZptesleDHgM1ci5u+sg4DGuh4ePPKuuTX80C9q2/TJA=="
    },
    "@sweetalert2/theme-minimal": {
      "version": "4.0.1",
      "resolved": "https://registry.npmjs.org/@sweetalert2/theme-minimal/-/theme-minimal-4.0.1.tgz",
      "integrity": "sha512-rTDsGStOG0zqEAxwI25Z4mUwT9RxnNnLQxhUvMYNinP6NfclPBoPKmJhpOEotLdnI1YT54TYVb+0DZNwoLoO+g=="
    },
    "sweetalert2": {
      "version": "10.13.0",
      "resolved": "https://registry.npmjs.org/sweetalert2/-/sweetalert2-10.13.0.tgz",
      "integrity": "sha512-kF6Pnr7s7GDqVYRqqgyfxvG5vlUqfP+j+JF7oZ7DOs0/35jg6sTu8hyi6oD6Rb3fIKWIf1S9mCU7wR8iKa7dAA=="
    }
  }
}
